
Microsoft Visual Studio Solution File, Format Version 12.00
# Visual Studio 15
VisualStudioVersion = 15.0.26730.12
MinimumVisualStudioVersion = 10.0.40219.1
Project("{FAE04EC0-301F-11D3-BF4B-00C04F79EFBC}") = "WindowsFormsApp1", "WindowsFormsApp1\WindowsFormsApp1.csproj", "{67F75BE2-C7BA-4EE8-82CD-1838EB3EDCC6}"
EndProject
Global
	GlobalSection(SolutionConfigurationPlatforms) = preSolution
		Debug|Any CPU = Debug|Any CPU
		Release|Any CPU = Release|Any CPU
	EndGlobalSection
	GlobalSection(ProjectConfigurationPlatforms) = postSolution
		{67F75BE2-C7BA-4EE8-82CD-1838EB3EDCC6}.Debug|Any CPU.ActiveCfg = Debug|Any CPU
		{67F75BE2-C7BA-4EE8-82CD-1838EB3EDCC6}.Debug|Any CPU.Build.0 = Debug|Any CPU
		{67F75BE2-C7BA-4EE8-82CD-1838EB3EDCC6}.Release|Any CPU.ActiveCfg = Release|Any CPU
		{67F75BE2-C7BA-4EE8-82CD-1838EB3EDCC6}.Release|Any CPU.Build.0 = Release|Any CPU
	EndGlobalSection
	GlobalSection(SolutionProperties) = preSolution
		HideSolutionNode = FALSE
	EndGlobalSection
	GlobalSection(ExtensibilityGlobals) = postSolution
		SolutionGuid = {FCFE76CD-F1F0-4EFE-A3DE-0BBB7D020669}
	EndGlobalSection
EndGlobal
